
Microsoft Visual Studio Solution File, Format Version 12.00
# Visual Studio Version 17
VisualStudioVersion = 17.11.35312.102
MinimumVisualStudioVersion = 10.0.40219.1
Project("{8BC9CEB8-8B4A-11D0-8D11-00A0C91BC942}") = "5.56", "5.56\5.56.vcxproj", "{3C95D96A-A7C8-40A2-976C-88B1488F6450}"
EndProject
Global
	GlobalSection(SolutionConfigurationPlatforms) = preSolution
		Debug|x64 = Debug|x64
		Debug|x86 = Debug|x86
		Release|x64 = Release|x64
		Release|x86 = Release|x86
	EndGlobalSection
	GlobalSection(ProjectConfigurationPlatforms) = postSolution
		{3C95D96A-A7C8-40A2-976C-88B1488F6450}.Debug|x64.ActiveCfg = Debug|x64
		{3C95D96A-A7C8-40A2-976C-88B1488F6450}.Debug|x64.Build.0 = Debug|x64
		{3C95D96A-A7C8-40A2-976C-88B1488F6450}.Debug|x86.ActiveCfg = Debug|Win32
		{3C95D96A-A7C8-40A2-976C-88B1488F6450}.Debug|x86.Build.0 = Debug|Win32
		{3C95D96A-A7C8-40A2-976C-88B1488F6450}.Release|x64.ActiveCfg = Release|x64
		{3C95D96A-A7C8-40A2-976C-88B1488F6450}.Release|x64.Build.0 = Release|x64
		{3C95D96A-A7C8-40A2-976C-88B1488F6450}.Release|x86.ActiveCfg = Release|Win32
		{3C95D96A-A7C8-40A2-976C-88B1488F6450}.Release|x86.Build.0 = Release|Win32
	EndGlobalSection
	GlobalSection(SolutionProperties) = preSolution
		HideSolutionNode = FALSE
	EndGlobalSection
	GlobalSection(ExtensibilityGlobals) = postSolution
		SolutionGuid = {06687C34-559C-4919-B573-ABCC3E3936E2}
	EndGlobalSection
EndGlobal
