
Microsoft Visual Studio Solution File, Format Version 12.00
# Visual Studio Version 17
VisualStudioVersion = 17.11.35312.102
MinimumVisualStudioVersion = 10.0.40219.1
Project("{8BC9CEB8-8B4A-11D0-8D11-00A0C91BC942}") = "p18", "p18\p18.vcxproj", "{B3E83451-F3CF-42AF-B859-8F0B00984EB9}"
EndProject
Global
	GlobalSection(SolutionConfigurationPlatforms) = preSolution
		Debug|x64 = Debug|x64
		Debug|x86 = Debug|x86
		Release|x64 = Release|x64
		Release|x86 = Release|x86
	EndGlobalSection
	GlobalSection(ProjectConfigurationPlatforms) = postSolution
		{B3E83451-F3CF-42AF-B859-8F0B00984EB9}.Debug|x64.ActiveCfg = Debug|x64
		{B3E83451-F3CF-42AF-B859-8F0B00984EB9}.Debug|x64.Build.0 = Debug|x64
		{B3E83451-F3CF-42AF-B859-8F0B00984EB9}.Debug|x86.ActiveCfg = Debug|Win32
		{B3E83451-F3CF-42AF-B859-8F0B00984EB9}.Debug|x86.Build.0 = Debug|Win32
		{B3E83451-F3CF-42AF-B859-8F0B00984EB9}.Release|x64.ActiveCfg = Release|x64
		{B3E83451-F3CF-42AF-B859-8F0B00984EB9}.Release|x64.Build.0 = Release|x64
		{B3E83451-F3CF-42AF-B859-8F0B00984EB9}.Release|x86.ActiveCfg = Release|Win32
		{B3E83451-F3CF-42AF-B859-8F0B00984EB9}.Release|x86.Build.0 = Release|Win32
	EndGlobalSection
	GlobalSection(SolutionProperties) = preSolution
		HideSolutionNode = FALSE
	EndGlobalSection
	GlobalSection(ExtensibilityGlobals) = postSolution
		SolutionGuid = {9B2D0356-2B3B-4210-8990-D7E0FBB28BA8}
	EndGlobalSection
EndGlobal
